
Microsoft Visual Studio Solution File, Format Version 12.00
# Visual Studio 14
VisualStudioVersion = 14.0.25123.0
MinimumVisualStudioVersion = 10.0.40219.1
Project("{2150E333-8FDC-42A3-9474-1A3956D46DE8}") = "1 - Infra", "1 - Infra", "{A424ABDC-93A4-40F1-A3F4-8499223EA4F2}"
EndProject
Project("{2150E333-8FDC-42A3-9474-1A3956D46DE8}") = "2 - Domain", "2 - Domain", "{441D0348-4754-4E69-9E8C-F3EBAC6FCBC4}"
EndProject
Project("{2150E333-8FDC-42A3-9474-1A3956D46DE8}") = "3 - Application", "3 - Application", "{63EB82A5-D6EA-4140-9DA6-A803FCC59295}"
EndProject
Project("{2150E333-8FDC-42A3-9474-1A3956D46DE8}") = "4 - Presentation", "4 - Presentation", "{6D74C4FA-B82A-47B8-8FFC-03DAEFB87398}"
EndProject
Project("{2150E333-8FDC-42A3-9474-1A3956D46DE8}") = "1.1 - CrossCutting", "1.1 - CrossCutting", "{CCAFE80E-0E2F-4CD1-AAA0-2150708BD301}"
EndProject
Project("{2150E333-8FDC-42A3-9474-1A3956D46DE8}") = "1.2 - Data", "1.2 - Data", "{5A60D364-1287-4017-B161-2BBF3F71CB4F}"
EndProject
Project("{FAE04EC0-301F-11D3-BF4B-00C04F79EFBC}") = "DCS.Domain", "Source\DCS.Domain\DCS.Domain.csproj", "{EEE50C15-B694-4B4C-9534-AD056E8EC322}"
EndProject
Project("{FAE04EC0-301F-11D3-BF4B-00C04F79EFBC}") = "DCS.Infra.Data", "Source\DCS.Infra.Data\DCS.Infra.Data.csproj", "{5BC9A918-8C31-4A7D-A10F-40A515ADA099}"
EndProject
Project("{FAE04EC0-301F-11D3-BF4B-00C04F79EFBC}") = "DCS.Domain.SharedKernel", "Source\DCS.Domain.SharedKernel\DCS.Domain.SharedKernel.csproj", "{DF412E65-EC27-4A11-A417-C33F80A93367}"
EndProject
Project("{FAE04EC0-301F-11D3-BF4B-00C04F79EFBC}") = "DCS.Infra.CrossCutting.IoC", "Source\DCS.Infra.CrossCutting.IoC\DCS.Infra.CrossCutting.IoC.csproj", "{C72998C9-4AF5-43FF-9E09-9A1E95F1E39E}"
EndProject
Project("{FAE04EC0-301F-11D3-BF4B-00C04F79EFBC}") = "DCS.Application.App", "Source\DCS.Application.App\DCS.Application.App.csproj", "{C0691176-6736-4906-89CE-CE2066025B64}"
EndProject
Project("{FAE04EC0-301F-11D3-BF4B-00C04F79EFBC}") = "DCS.Presetantion.API", "Source\DCS.Presetantion.API\DCS.Presetantion.API.csproj", "{B3CE401A-4C9C-42AC-B713-34A02BA70293}"
EndProject
Global
	GlobalSection(SolutionConfigurationPlatforms) = preSolution
		Debug|Any CPU = Debug|Any CPU
		Release|Any CPU = Release|Any CPU
	EndGlobalSection
	GlobalSection(ProjectConfigurationPlatforms) = postSolution
		{EEE50C15-B694-4B4C-9534-AD056E8EC322}.Debug|Any CPU.ActiveCfg = Debug|Any CPU
		{EEE50C15-B694-4B4C-9534-AD056E8EC322}.Debug|Any CPU.Build.0 = Debug|Any CPU
		{EEE50C15-B694-4B4C-9534-AD056E8EC322}.Release|Any CPU.ActiveCfg = Release|Any CPU
		{EEE50C15-B694-4B4C-9534-AD056E8EC322}.Release|Any CPU.Build.0 = Release|Any CPU
		{5BC9A918-8C31-4A7D-A10F-40A515ADA099}.Debug|Any CPU.ActiveCfg = Debug|Any CPU
		{5BC9A918-8C31-4A7D-A10F-40A515ADA099}.Debug|Any CPU.Build.0 = Debug|Any CPU
		{5BC9A918-8C31-4A7D-A10F-40A515ADA099}.Release|Any CPU.ActiveCfg = Release|Any CPU
		{5BC9A918-8C31-4A7D-A10F-40A515ADA099}.Release|Any CPU.Build.0 = Release|Any CPU
		{DF412E65-EC27-4A11-A417-C33F80A93367}.Debug|Any CPU.ActiveCfg = Debug|Any CPU
		{DF412E65-EC27-4A11-A417-C33F80A93367}.Debug|Any CPU.Build.0 = Debug|Any CPU
		{DF412E65-EC27-4A11-A417-C33F80A93367}.Release|Any CPU.ActiveCfg = Release|Any CPU
		{DF412E65-EC27-4A11-A417-C33F80A93367}.Release|Any CPU.Build.0 = Release|Any CPU
		{C72998C9-4AF5-43FF-9E09-9A1E95F1E39E}.Debug|Any CPU.ActiveCfg = Debug|Any CPU
		{C72998C9-4AF5-43FF-9E09-9A1E95F1E39E}.Debug|Any CPU.Build.0 = Debug|Any CPU
		{C72998C9-4AF5-43FF-9E09-9A1E95F1E39E}.Release|Any CPU.ActiveCfg = Release|Any CPU
		{C72998C9-4AF5-43FF-9E09-9A1E95F1E39E}.Release|Any CPU.Build.0 = Release|Any CPU
		{C0691176-6736-4906-89CE-CE2066025B64}.Debug|Any CPU.ActiveCfg = Debug|Any CPU
		{C0691176-6736-4906-89CE-CE2066025B64}.Debug|Any CPU.Build.0 = Debug|Any CPU
		{C0691176-6736-4906-89CE-CE2066025B64}.Release|Any CPU.ActiveCfg = Release|Any CPU
		{C0691176-6736-4906-89CE-CE2066025B64}.Release|Any CPU.Build.0 = Release|Any CPU
		{B3CE401A-4C9C-42AC-B713-34A02BA70293}.Debug|Any CPU.ActiveCfg = Debug|Any CPU
		{B3CE401A-4C9C-42AC-B713-34A02BA70293}.Debug|Any CPU.Build.0 = Debug|Any CPU
		{B3CE401A-4C9C-42AC-B713-34A02BA70293}.Release|Any CPU.ActiveCfg = Release|Any CPU
		{B3CE401A-4C9C-42AC-B713-34A02BA70293}.Release|Any CPU.Build.0 = Release|Any CPU
	EndGlobalSection
	GlobalSection(SolutionProperties) = preSolution
		HideSolutionNode = FALSE
	EndGlobalSection
	GlobalSection(NestedProjects) = preSolution
		{CCAFE80E-0E2F-4CD1-AAA0-2150708BD301} = {A424ABDC-93A4-40F1-A3F4-8499223EA4F2}
		{5A60D364-1287-4017-B161-2BBF3F71CB4F} = {A424ABDC-93A4-40F1-A3F4-8499223EA4F2}
		{EEE50C15-B694-4B4C-9534-AD056E8EC322} = {441D0348-4754-4E69-9E8C-F3EBAC6FCBC4}
		{5BC9A918-8C31-4A7D-A10F-40A515ADA099} = {5A60D364-1287-4017-B161-2BBF3F71CB4F}
		{DF412E65-EC27-4A11-A417-C33F80A93367} = {441D0348-4754-4E69-9E8C-F3EBAC6FCBC4}
		{C72998C9-4AF5-43FF-9E09-9A1E95F1E39E} = {CCAFE80E-0E2F-4CD1-AAA0-2150708BD301}
		{C0691176-6736-4906-89CE-CE2066025B64} = {63EB82A5-D6EA-4140-9DA6-A803FCC59295}
		{B3CE401A-4C9C-42AC-B713-34A02BA70293} = {6D74C4FA-B82A-47B8-8FFC-03DAEFB87398}
	EndGlobalSection
EndGlobal
